
Microsoft Visual Studio Solution File, Format Version 12.00
# Visual Studio Version 16
VisualStudioVersion = 16.0.32228.343
MinimumVisualStudioVersion = 10.0.40219.1
Project("{FAE04EC0-301F-11D3-BF4B-00C04F79EFBC}") = "LB5", "LB5.csproj", "{01BE054D-BF8F-4756-AA51-907D507DD9FB}"
EndProject
Global
	GlobalSection(SolutionConfigurationPlatforms) = preSolution
		Debug|Any CPU = Debug|Any CPU
		Release|Any CPU = Release|Any CPU
	EndGlobalSection
	GlobalSection(ProjectConfigurationPlatforms) = postSolution
		{01BE054D-BF8F-4756-AA51-907D507DD9FB}.Debug|Any CPU.ActiveCfg = Debug|Any CPU
		{01BE054D-BF8F-4756-AA51-907D507DD9FB}.Debug|Any CPU.Build.0 = Debug|Any CPU
		{01BE054D-BF8F-4756-AA51-907D507DD9FB}.Release|Any CPU.ActiveCfg = Release|Any CPU
		{01BE054D-BF8F-4756-AA51-907D507DD9FB}.Release|Any CPU.Build.0 = Release|Any CPU
	EndGlobalSection
	GlobalSection(SolutionProperties) = preSolution
		HideSolutionNode = FALSE
	EndGlobalSection
	GlobalSection(ExtensibilityGlobals) = postSolution
		SolutionGuid = {A10FD7B1-E5D1-43B4-9248-74ED4B154073}
	EndGlobalSection
EndGlobal
